// !$*UTF8*$!
{
	archiveVersion = 1;
	classes = {
	};
	objectVersion = 48;
	objects = {

/* Begin PBXBuildFile section */
		7D9E8B321FB2F11000419588 /* CityWeatherView.swift in Sources */ = {isa = PBXBuildFile; fileRef = 7D9E8B311FB2F11000419588 /* CityWeatherView.swift */; };
		7DCD7F141FB247B200B05E56 /* AppDelegate.swift in Sources */ = {isa = PBXBuildFile; fileRef = 7DCD7F131FB247B200B05E56 /* AppDelegate.swift */; };
		7DCD7F191FB247B200B05E56 /* Main.storyboard in Resources */ = {isa = PBXBuildFile; fileRef = 7DCD7F171FB247B200B05E56 /* Main.storyboard */; };
		7DCD7F1B1FB247B200B05E56 /* Assets.xcassets in Resources */ = {isa = PBXBuildFile; fileRef = 7DCD7F1A1FB247B200B05E56 /* Assets.xcassets */; };
		7DCD7F1E1FB247B200B05E56 /* LaunchScreen.storyboard in Resources */ = {isa = PBXBuildFile; fileRef = 7DCD7F1C1FB247B200B05E56 /* LaunchScreen.storyboard */; };
		7DCD7F281FB24C4800B05E56 /* TodayWeatherView.swift in Sources */ = {isa = PBXBuildFile; fileRef = 7DCD7F271FB24C4800B05E56 /* TodayWeatherView.swift */; };
		7DCD7F2C1FB24E4D00B05E56 /* ColorsConstants.swift in Sources */ = {isa = PBXBuildFile; fileRef = 7DCD7F2B1FB24E4D00B05E56 /* ColorsConstants.swift */; };
/* End PBXBuildFile section */

/* Begin PBXFileReference section */
		7D9E8B311FB2F11000419588 /* CityWeatherView.swift */ = {isa = PBXFileReference; lastKnownFileType = sourcecode.swift; path = CityWeatherView.swift; sourceTree = "<group>"; };
		7DCD7F101FB247B200B05E56 /* Weather.test.app */ = {isa = PBXFileReference; explicitFileType = wrapper.application; includeInIndex = 0; path = Weather.test.app; sourceTree = BUILT_PRODUCTS_DIR; };
		7DCD7F131FB247B200B05E56 /* AppDelegate.swift */ = {isa = PBXFileReference; lastKnownFileType = sourcecode.swift; path = AppDelegate.swift; sourceTree = "<group>"; };
		7DCD7F181FB247B200B05E56 /* Base */ = {isa = PBXFileReference; lastKnownFileType = file.storyboard; name = Base; path = Base.lproj/Main.storyboard; sourceTree = "<group>"; };
		7DCD7F1A1FB247B200B05E56 /* Assets.xcassets */ = {isa = PBXFileReference; lastKnownFileType = folder.assetcatalog; path = Assets.xcassets; sourceTree = "<group>"; };
		7DCD7F1D1FB247B200B05E56 /* Base */ = {isa = PBXFileReference; lastKnownFileType = file.storyboard; name = Base; path = Base.lproj/LaunchScreen.storyboard; sourceTree = "<group>"; };
		7DCD7F1F1FB247B200B05E56 /* Info.plist */ = {isa = PBXFileReference; lastKnownFileType = text.plist.xml; path = Info.plist; sourceTree = "<group>"; };
		7DCD7F271FB24C4800B05E56 /* TodayWeatherView.swift */ = {isa = PBXFileReference; lastKnownFileType = sourcecode.swift; path = TodayWeatherView.swift; sourceTree = "<group>"; };
		7DCD7F2B1FB24E4D00B05E56 /* ColorsConstants.swift */ = {isa = PBXFileReference; lastKnownFileType = sourcecode.swift; path = ColorsConstants.swift; sourceTree = "<group>"; };
/* End PBXFileReference section */

/* Begin PBXFrameworksBuildPhase section */
		7DCD7F0D1FB247B200B05E56 /* Frameworks */ = {
			isa = PBXFrameworksBuildPhase;
			buildActionMask = 2147483647;
			files = (
			);
			runOnlyForDeploymentPostprocessing = 0;
		};
/* End PBXFrameworksBuildPhase section */

/* Begin PBXGroup section */
		7DCD7F071FB247B200B05E56 = {
			isa = PBXGroup;
			children = (
				7DCD7F121FB247B200B05E56 /* Weather.test */,
				7DCD7F111FB247B200B05E56 /* Products */,
			);
			sourceTree = "<group>";
		};
		7DCD7F111FB247B200B05E56 /* Products */ = {
			isa = PBXGroup;
			children = (
				7DCD7F101FB247B200B05E56 /* Weather.test.app */,
			);
			name = Products;
			sourceTree = "<group>";
		};
		7DCD7F121FB247B200B05E56 /* Weather.test */ = {
			isa = PBXGroup;
			children = (
				7DCD7F131FB247B200B05E56 /* AppDelegate.swift */,
				7DCD7F171FB247B200B05E56 /* Main.storyboard */,
				7D9E8B311FB2F11000419588 /* CityWeatherView.swift */,
				7DCD7F271FB24C4800B05E56 /* TodayWeatherView.swift */,
				7DCD7F2B1FB24E4D00B05E56 /* ColorsConstants.swift */,
				7DCD7F1A1FB247B200B05E56 /* Assets.xcassets */,
				7DCD7F1C1FB247B200B05E56 /* LaunchScreen.storyboard */,
				7DCD7F1F1FB247B200B05E56 /* Info.plist */,
			);
			path = Weather.test;
			sourceTree = "<group>";
		};
/* End PBXGroup section */

/* Begin PBXNativeTarget section */
		7DCD7F0F1FB247B200B05E56 /* Weather.test */ = {
			isa = PBXNativeTarget;
			buildConfigurationList = 7DCD7F221FB247B200B05E56 /* Build configuration list for PBXNativeTarget "Weather.test" */;
			buildPhases = (
				7DCD7F0C1FB247B200B05E56 /* Sources */,
				7DCD7F0D1FB247B200B05E56 /* Frameworks */,
				7DCD7F0E1FB247B200B05E56 /* Resources */,
			);
			buildRules = (
			);
			dependencies = (
			);
			name = Weather.test;
			productName = Weather.test;
			productReference = 7DCD7F101FB247B200B05E56 /* Weather.test.app */;
			productType = "com.apple.product-type.application";
		};
/* End PBXNativeTarget section */

/* Begin PBXProject section */
		7DCD7F081FB247B200B05E56 /* Project object */ = {
			isa = PBXProject;
			attributes = {
				LastSwiftUpdateCheck = 0900;
				LastUpgradeCheck = 0900;
				ORGANIZATIONNAME = "Ковалев";
				TargetAttributes = {
					7DCD7F0F1FB247B200B05E56 = {
						CreatedOnToolsVersion = 9.0;
						ProvisioningStyle = Automatic;
					};
				};
			};
			buildConfigurationList = 7DCD7F0B1FB247B200B05E56 /* Build configuration list for PBXProject "Weather.test" */;
			compatibilityVersion = "Xcode 8.0";
			developmentRegion = en;
			hasScannedForEncodings = 0;
			knownRegions = (
				en,
				Base,
			);
			mainGroup = 7DCD7F071FB247B200B05E56;
			productRefGroup = 7DCD7F111FB247B200B05E56 /* Products */;
			projectDirPath = "";
			projectRoot = "";
			targets = (
				7DCD7F0F1FB247B200B05E56 /* Weather.test */,
			);
		};
/* End PBXProject section */

/* Begin PBXResourcesBuildPhase section */
		7DCD7F0E1FB247B200B05E56 /* Resources */ = {
			isa = PBXResourcesBuildPhase;
			buildActionMask = 2147483647;
			files = (
				7DCD7F1E1FB247B200B05E56 /* LaunchScreen.storyboard in Resources */,
				7DCD7F1B1FB247B200B05E56 /* Assets.xcassets in Resources */,
				7DCD7F191FB247B200B05E56 /* Main.storyboard in Resources */,
			);
			runOnlyForDeploymentPostprocessing = 0;
		};
/* End PBXResourcesBuildPhase section */

/* Begin PBXSourcesBuildPhase section */
		7DCD7F0C1FB247B200B05E56 /* Sources */ = {
			isa = PBXSourcesBuildPhase;
			buildActionMask = 2147483647;
			files = (
				7D9E8B321FB2F11000419588 /* CityWeatherView.swift in Sources */,
				7DCD7F141FB247B200B05E56 /* AppDelegate.swift in Sources */,
				7DCD7F281FB24C4800B05E56 /* TodayWeatherView.swift in Sources */,
				7DCD7F2C1FB24E4D00B05E56 /* ColorsConstants.swift in Sources */,
			);
			runOnlyForDeploymentPostprocessing = 0;
		};
/* End PBXSourcesBuildPhase section */

/* Begin PBXVariantGroup section */
		7DCD7F171FB247B200B05E56 /* Main.storyboard */ = {
			isa = PBXVariantGroup;
			children = (
				7DCD7F181FB247B200B05E56 /* Base */,
			);
			name = Main.storyboard;
			sourceTree = "<group>";
		};
		7DCD7F1C1FB247B200B05E56 /* LaunchScreen.storyboard */ = {
			isa = PBXVariantGroup;
			children = (
				7DCD7F1D1FB247B200B05E56 /* Base */,
			);
			name = LaunchScreen.storyboard;
			sourceTree = "<group>";
		};
/* End PBXVariantGroup section */

/* Begin XCBuildConfiguration section */
		7DCD7F201FB247B200B05E56 /* Debug */ = {
			isa = XCBuildConfiguration;
			buildSettings = {
				ALWAYS_SEARCH_USER_PATHS = NO;
				CLANG_ANALYZER_NONNULL = YES;
				CLANG_ANALYZER_NUMBER_OBJECT_CONVERSION = YES_AGGRESSIVE;
				CLANG_CXX_LANGUAGE_STANDARD = "gnu++14";
				CLANG_CXX_LIBRARY = "libc++";
				CLANG_ENABLE_MODULES = YES;
				CLANG_ENABLE_OBJC_ARC = YES;
				CLANG_WARN_BLOCK_CAPTURE_AUTORELEASING = YES;
				CLANG_WARN_BOOL_CONVERSION = YES;
				CLANG_WARN_COMMA = YES;
				CLANG_WARN_CONSTANT_CONVERSION = YES;
				CLANG_WARN_DIRECT_OBJC_ISA_USAGE = YES_ERROR;
				CLANG_WARN_DOCUMENTATION_COMMENTS = YES;
				CLANG_WARN_EMPTY_BODY = YES;
				CLANG_WARN_ENUM_CONVERSION = YES;
				CLANG_WARN_INFINITE_RECURSION = YES;
				CLANG_WARN_INT_CONVERSION = YES;
				CLANG_WARN_NON_LITERAL_NULL_CONVERSION = YES;
				CLANG_WARN_OBJC_LITERAL_CONVERSION = YES;
				CLANG_WARN_OBJC_ROOT_CLASS = YES_ERROR;
				CLANG_WARN_RANGE_LOOP_ANALYSIS = YES;
				CLANG_WARN_STRICT_PROTOTYPES = YES;
				CLANG_WARN_SUSPICIOUS_MOVE = YES;
				CLANG_WARN_UNGUARDED_AVAILABILITY = YES_AGGRESSIVE;
				CLANG_WARN_UNREACHABLE_CODE = YES;
				CLANG_WARN__DUPLICATE_METHOD_MATCH = YES;
				CODE_SIGN_IDENTITY = "iPhone Developer";
				COPY_PHASE_STRIP = NO;
				DEBUG_INFORMATION_FORMAT = dwarf;
				ENABLE_STRICT_OBJC_MSGSEND = YES;
				ENABLE_TESTABILITY = YES;
				GCC_C_LANGUAGE_STANDARD = gnu11;
				GCC_DYNAMIC_NO_PIC = NO;
				GCC_NO_COMMON_BLOCKS = YES;
				GCC_OPTIMIZATION_LEVEL = 0;
				GCC_PREPROCESSOR_DEFINITIONS = (
					"DEBUG=1",
					"$(inherited)",
				);
				GCC_WARN_64_TO_32_BIT_CONVERSION = YES;
				GCC_WARN_ABOUT_RETURN_TYPE = YES_ERROR;
				GCC_WARN_UNDECLARED_SELECTOR = YES;
				GCC_WARN_UNINITIALIZED_AUTOS = YES_AGGRESSIVE;
				GCC_WARN_UNUSED_FUNCTION = YES;
				GCC_WARN_UNUSED_VARIABLE = YES;
				IPHONEOS_DEPLOYMENT_TARGET = 11.0;
				MTL_ENABLE_DEBUG_INFO = YES;
				ONLY_ACTIVE_ARCH = YES;
				SDKROOT = iphoneos;
				SWIFT_ACTIVE_COMPILATION_CONDITIONS = DEBUG;
				SWIFT_OPTIMIZATION_LEVEL = "-Onone";
			};
			name = Debug;
		};
		7DCD7F211FB247B200B05E56 /* Release */ = {
			isa = XCBuildConfiguration;
			buildSettings = {
				ALWAYS_SEARCH_USER_PATHS = NO;
				CLANG_ANALYZER_NONNULL = YES;
				CLANG_ANALYZER_NUMBER_OBJECT_CONVERSION = YES_AGGRESSIVE;
				CLANG_CXX_LANGUAGE_STANDARD = "gnu++14";
				CLANG_CXX_LIBRARY = "libc++";
				CLANG_ENABLE_MODULES = YES;
				CLANG_ENABLE_OBJC_ARC = YES;
				CLANG_WARN_BLOCK_CAPTURE_AUTORELEASING = YES;
				CLANG_WARN_BOOL_CONVERSION = YES;
				CLANG_WARN_COMMA = YES;
				CLANG_WARN_CONSTANT_CONVERSION = YES;
				CLANG_WARN_DIRECT_OBJC_ISA_USAGE = YES_ERROR;
				CLANG_WARN_DOCUMENTATION_COMMENTS = YES;
				CLANG_WARN_EMPTY_BODY = YES;
				CLANG_WARN_ENUM_CONVERSION = YES;
				CLANG_WARN_INFINITE_RECURSION = YES;
				CLANG_WARN_INT_CONVERSION = YES;
				CLANG_WARN_NON_LITERAL_NULL_CONVERSION = YES;
				CLANG_WARN_OBJC_LITERAL_CONVERSION = YES;
				CLANG_WARN_OBJC_ROOT_CLASS = YES_ERROR;
				CLANG_WARN_RANGE_LOOP_ANALYSIS = YES;
				CLANG_WARN_STRICT_PROTOTYPES = YES;
				CLANG_WARN_SUSPICIOUS_MOVE = YES;
				CLANG_WARN_UNGUARDED_AVAILABILITY = YES_AGGRESSIVE;
				CLANG_WARN_UNREACHABLE_CODE = YES;
				CLANG_WARN__DUPLICATE_METHOD_MATCH = YES;
				CODE_SIGN_IDENTITY = "iPhone Developer";
				COPY_PHASE_STRIP = NO;
				DEBUG_INFORMATION_FORMAT = "dwarf-with-dsym";
				ENABLE_NS_ASSERTIONS = NO;
				ENABLE_STRICT_OBJC_MSGSEND = YES;
				GCC_C_LANGUAGE_STANDARD = gnu11;
				GCC_NO_COMMON_BLOCKS = YES;
				GCC_WARN_64_TO_32_BIT_CONVERSION = YES;
				GCC_WARN_ABOUT_RETURN_TYPE = YES_ERROR;
				GCC_WARN_UNDECLARED_SELECTOR = YES;
				GCC_WARN_UNINITIALIZED_AUTOS = YES_AGGRESSIVE;
				GCC_WARN_UNUSED_FUNCTION = YES;
				GCC_WARN_UNUSED_VARIABLE = YES;
				IPHONEOS_DEPLOYMENT_TARGET = 11.0;
				MTL_ENABLE_DEBUG_INFO = NO;
				SDKROOT = iphoneos;
				SWIFT_OPTIMIZATION_LEVEL = "-Owholemodule";
				VALIDATE_PRODUCT = YES;
			};
			name = Release;
		};
		7DCD7F231FB247B200B05E56 /* Debug */ = {
			isa = XCBuildConfiguration;
			buildSettings = {
				ASSETCATALOG_COMPILER_APPICON_NAME = AppIcon;
				CODE_SIGN_STYLE = Automatic;
				DEVELOPMENT_TEAM = "";
				INFOPLIST_FILE = Weather.test/Info.plist;
				LD_RUNPATH_SEARCH_PATHS = "$(inherited) @executable_path/Frameworks";
				PRODUCT_BUNDLE_IDENTIFIER = "com.example.Weather-test";
				PRODUCT_NAME = "$(TARGET_NAME)";
				SWIFT_VERSION = 4.0;
				TARGETED_DEVICE_FAMILY = 1;
			};
			name = Debug;
		};
		7DCD7F241FB247B200B05E56 /* Release */ = {
			isa = XCBuildConfiguration;
			buildSettings = {
				ASSETCATALOG_COMPILER_APPICON_NAME = AppIcon;
				CODE_SIGN_STYLE = Automatic;
				DEVELOPMENT_TEAM = "";
				INFOPLIST_FILE = Weather.test/Info.plist;
				LD_RUNPATH_SEARCH_PATHS = "$(inherited) @executable_path/Frameworks";
				PRODUCT_BUNDLE_IDENTIFIER = "com.example.Weather-test";
				PRODUCT_NAME = "$(TARGET_NAME)";
				SWIFT_VERSION = 4.0;
				TARGETED_DEVICE_FAMILY = 1;
			};
			name = Release;
		};
/* End XCBuildConfiguration section */

/* Begin XCConfigurationList section */
		7DCD7F0B1FB247B200B05E56 /* Build configuration list for PBXProject "Weather.test" */ = {
			isa = XCConfigurationList;
			buildConfigurations = (
				7DCD7F201FB247B200B05E56 /* Debug */,
				7DCD7F211FB247B200B05E56 /* Release */,
			);
			defaultConfigurationIsVisible = 0;
			defaultConfigurationName = Release;
		};
		7DCD7F221FB247B200B05E56 /* Build configuration list for PBXNativeTarget "Weather.test" */ = {
			isa = XCConfigurationList;
			buildConfigurations = (
				7DCD7F231FB247B200B05E56 /* Debug */,
				7DCD7F241FB247B200B05E56 /* Release */,
			);
			defaultConfigurationIsVisible = 0;
			defaultConfigurationName = Release;
		};
/* End XCConfigurationList section */
	};
	rootObject = 7DCD7F081FB247B200B05E56 /* Project object */;
}
